
Microsoft Visual Studio Solution File, Format Version 12.00
# Visual Studio 15
VisualStudioVersion = 15.0.28307.1022
MinimumVisualStudioVersion = 10.0.40219.1
Project("{FAE04EC0-301F-11D3-BF4B-00C04F79EFBC}") = "CSharp-CrudWPF", "CSharp-CrudWPF\CSharp-CrudWPF.csproj", "{FED7958D-1CF6-4E47-B217-DF704856B24F}"
EndProject
Global
	GlobalSection(SolutionConfigurationPlatforms) = preSolution
		Debug|Any CPU = Debug|Any CPU
		Release|Any CPU = Release|Any CPU
	EndGlobalSection
	GlobalSection(ProjectConfigurationPlatforms) = postSolution
		{FED7958D-1CF6-4E47-B217-DF704856B24F}.Debug|Any CPU.ActiveCfg = Debug|Any CPU
		{FED7958D-1CF6-4E47-B217-DF704856B24F}.Debug|Any CPU.Build.0 = Debug|Any CPU
		{FED7958D-1CF6-4E47-B217-DF704856B24F}.Release|Any CPU.ActiveCfg = Release|Any CPU
		{FED7958D-1CF6-4E47-B217-DF704856B24F}.Release|Any CPU.Build.0 = Release|Any CPU
	EndGlobalSection
	GlobalSection(SolutionProperties) = preSolution
		HideSolutionNode = FALSE
	EndGlobalSection
	GlobalSection(ExtensibilityGlobals) = postSolution
		SolutionGuid = {F741E0D0-D763-4025-A1F3-2779E4AF4DCA}
	EndGlobalSection
EndGlobal
